<?xml version="1.0" encoding="utf-8"?>
<Project ToolsVersion="4.0" xmlns="http://schemas.microsoft.com/developer/msbuild/2003">
  <ItemGroup>
    <ClInclude Include="..\..\..\external\box2d_v3\include\box2d\base.h">
      <Filter>include</Filter>
    </ClInclude>
    <ClInclude Include="..\..\..\external\box2d_v3\include\box2d\box2d.h">
      <Filter>include</Filter>
    </ClInclude>
    <ClInclude Include="..\..\..\external\box2d_v3\include\box2d\collision.h">
      <Filter>include</Filter>
    </ClInclude>
    <ClInclude Include="..\..\..\external\box2d_v3\include\box2d\id.h">
      <Filter>include</Filter>
    </ClInclude>
    <ClInclude Include="..\..\..\external\box2d_v3\include\box2d\math_functions.h">
      <Filter>include</Filter>
    </ClInclude>
    <ClInclude Include="..\..\..\external\box2d_v3\include\box2d\types.h">
      <Filter>include</Filter>
    </ClInclude>
    <ClInclude Include="..\..\..\external\box2d_v3\src\bitset.h">
      <Filter>src</Filter>
    </ClInclude>
    <ClInclude Include="..\..\..\external\box2d_v3\src\id_pool.h">
      <Filter>src</Filter>
    </ClInclude>
    <ClInclude Include="..\..\..\external\box2d_v3\src\core.h">
      <Filter>src</Filter>
    </ClInclude>
    <ClInclude Include="..\..\..\external\box2d_v3\src\island.h">
      <Filter>src</Filter>
    </ClInclude>
    <ClInclude Include="..\..\..\external\box2d_v3\src\body.h">
      <Filter>src</Filter>
    </ClInclude>
    <ClInclude Include="..\..\..\external\box2d_v3\src\solver.h">
      <Filter>src</Filter>
    </ClInclude>
    <ClInclude Include="..\..\..\external\box2d_v3\src\joint.h">
      <Filter>src</Filter>
    </ClInclude>
    <ClInclude Include="..\..\..\external\box2d_v3\src\ctz.h">
      <Filter>src</Filter>
    </ClInclude>
    <ClInclude Include="..\..\..\external\box2d_v3\src\shape.h">
      <Filter>src</Filter>
    </ClInclude>
    <ClInclude Include="..\..\..\external\box2d_v3\src\contact.h">
      <Filter>src</Filter>
    </ClInclude>
    <ClInclude Include="..\..\..\external\box2d_v3\src\array.h">
      <Filter>src</Filter>
    </ClInclude>
    <ClInclude Include="..\..\..\external\box2d_v3\src\table.h">
      <Filter>src</Filter>
    </ClInclude>
    <ClInclude Include="..\..\..\external\box2d_v3\src\world.h">
      <Filter>src</Filter>
    </ClInclude>
    <ClInclude Include="..\..\..\external\box2d_v3\src\broad_phase.h">
      <Filter>src</Filter>
    </ClInclude>
    <ClInclude Include="..\..\..\external\box2d_v3\src\solver_set.h">
      <Filter>src</Filter>
    </ClInclude>
    <ClInclude Include="..\..\..\external\box2d_v3\src\constraint_graph.h">
      <Filter>src</Filter>
    </ClInclude>
    <ClInclude Include="..\..\..\external\box2d_v3\src\contact_solver.h">
      <Filter>src</Filter>
    </ClInclude>
    <ClInclude Include="..\..\..\external\box2d_v3\src\aabb.h">
      <Filter>src</Filter>
    </ClInclude>
    <ClInclude Include="..\..\..\external\box2d_v3\extern\liquidfun\growable_buffer.h">
      <Filter>extern\liquidfun</Filter>
    </ClInclude>
    <ClInclude Include="..\..\..\external\box2d_v3\extern\liquidfun\liquid_callbacks.h">
      <Filter>extern\liquidfun</Filter>
    </ClInclude>
    <ClInclude Include="..\..\..\external\box2d_v3\extern\liquidfun\stack_queue.h">
      <Filter>extern\liquidfun</Filter>
    </ClInclude>
    <ClInclude Include="..\..\..\external\box2d_v3\extern\liquidfun\particle_system.h">
      <Filter>extern\liquidfun</Filter>
    </ClInclude>
    <ClInclude Include="..\..\..\external\box2d_v3\extern\liquidfun\block_allocator.h">
      <Filter>extern\liquidfun</Filter>
    </ClInclude>
    <ClInclude Include="..\..\..\external\box2d_v3\extern\liquidfun\liquid_stack_allocator.h">
      <Filter>extern\liquidfun</Filter>
    </ClInclude>
    <ClInclude Include="..\..\..\external\box2d_v3\extern\liquidfun\settings.h">
      <Filter>extern\liquidfun</Filter>
    </ClInclude>
    <ClInclude Include="..\..\..\external\box2d_v3\extern\liquidfun\tracked_block.h">
      <Filter>extern\liquidfun</Filter>
    </ClInclude>
    <ClInclude Include="..\..\..\external\box2d_v3\extern\liquidfun\liquid_world.h">
      <Filter>extern\liquidfun</Filter>
    </ClInclude>
    <ClInclude Include="..\..\..\external\box2d_v3\extern\liquidfun\free_list.h">
      <Filter>extern\liquidfun</Filter>
    </ClInclude>
    <ClInclude Include="..\..\..\external\box2d_v3\extern\liquidfun\particle_group.h">
      <Filter>extern\liquidfun</Filter>
    </ClInclude>
    <ClInclude Include="..\..\..\external\box2d_v3\extern\liquidfun\particle.h">
      <Filter>extern\liquidfun</Filter>
    </ClInclude>
    <ClInclude Include="..\..\..\external\box2d_v3\extern\liquidfun\intrusive_list.h">
      <Filter>extern\liquidfun</Filter>
    </ClInclude>
    <ClInclude Include="..\..\..\external\box2d_v3\extern\liquidfun\voronoi_diagram.h">
      <Filter>extern\liquidfun</Filter>
    </ClInclude>
    <ClInclude Include="..\..\..\external\box2d_v3\extern\liquidfun\liquid_shape.h">
      <Filter>extern\liquidfun</Filter>
    </ClInclude>
    <ClInclude Include="..\..\..\external\box2d_v3\extern\liquidfun\time_step.h">
      <Filter>extern\liquidfun</Filter>
    </ClInclude>
    <ClInclude Include="..\..\..\external\box2d_v3\extern\liquidfun\slab_allocator.h">
      <Filter>extern\liquidfun</Filter>
    </ClInclude>
    <ClInclude Include="..\..\..\external\box2d_v3\extern\liquidfun\particle_assembly.h">
      <Filter>extern\liquidfun</Filter>
    </ClInclude>
    <ClInclude Include="..\..\..\external\enkiTS\src\LockLessMultiReadPipe.h">
      <Filter>enkiTS\src</Filter>
    </ClInclude>
    <ClInclude Include="..\..\..\external\enkiTS\src\TaskScheduler_c.h">
      <Filter>enkiTS\src</Filter>
    </ClInclude>
    <ClInclude Include="..\..\..\external\enkiTS\src\TaskScheduler.h">
      <Filter>enkiTS\src</Filter>
    </ClInclude>
    <ClInclude Include="..\..\..\external\box2d_v3\src\sensor.h">
      <Filter>src</Filter>
    </ClInclude>
    <ClInclude Include="..\..\..\external\box2d_v3\src\arena_allocator.h">
      <Filter>src</Filter>
    </ClInclude>
    <ClInclude Include="..\..\..\external\box2d_v3\src\atomic.h">
      <Filter>src</Filter>
    </ClInclude>
    <ClInclude Include="..\..\..\external\box2d_v3\src\constants.h">
      <Filter>src</Filter>
    </ClInclude>
  </ItemGroup>
  <ItemGroup>
    <Filter Include="include">
      <UniqueIdentifier>{29995483-09ad-4bb4-8433-114c5e39d6f7}</UniqueIdentifier>
    </Filter>
    <Filter Include="src">
      <UniqueIdentifier>{d52ca4e3-377d-4f01-b27f-cfe6ede65466}</UniqueIdentifier>
    </Filter>
    <Filter Include="extern">
      <UniqueIdentifier>{99888e03-5fa0-4429-9d31-068cfaf29c09}</UniqueIdentifier>
    </Filter>
    <Filter Include="extern\liquidfun">
      <UniqueIdentifier>{a3a0ae87-ca8e-4874-8a77-f05d0b564805}</UniqueIdentifier>
    </Filter>
    <Filter Include="enkiTS">
      <UniqueIdentifier>{cdb8045c-0a24-4c05-98f4-e826af6e4605}</UniqueIdentifier>
    </Filter>
    <Filter Include="enkiTS\src">
      <UniqueIdentifier>{c5788bed-8d06-4cbc-8136-1b40d7ac6661}</UniqueIdentifier>
    </Filter>
  </ItemGroup>
  <ItemGroup>
    <ClCompile Include="..\..\..\external\box2d_v3\src\prismatic_joint.c">
      <Filter>src</Filter>
    </ClCompile>
    <ClCompile Include="..\..\..\external\box2d_v3\src\contact.c">
      <Filter>src</Filter>
    </ClCompile>
    <ClCompile Include="..\..\..\external\box2d_v3\src\motor_joint.c">
      <Filter>src</Filter>
    </ClCompile>
    <ClCompile Include="..\..\..\external\box2d_v3\src\timer.c">
      <Filter>src</Filter>
    </ClCompile>
    <ClCompile Include="..\..\..\external\box2d_v3\src\table.c">
      <Filter>src</Filter>
    </ClCompile>
    <ClCompile Include="..\..\..\external\box2d_v3\src\manifold.c">
      <Filter>src</Filter>
    </ClCompile>
    <ClCompile Include="..\..\..\external\box2d_v3\src\array.c">
      <Filter>src</Filter>
    </ClCompile>
    <ClCompile Include="..\..\..\external\box2d_v3\src\contact_solver.c">
      <Filter>src</Filter>
    </ClCompile>
    <ClCompile Include="..\..\..\external\box2d_v3\src\constraint_graph.c">
      <Filter>src</Filter>
    </ClCompile>
    <ClCompile Include="..\..\..\external\box2d_v3\src\solver_set.c">
      <Filter>src</Filter>
    </ClCompile>
    <ClCompile Include="..\..\..\external\box2d_v3\src\world.c">
      <Filter>src</Filter>
    </ClCompile>
    <ClCompile Include="..\..\..\external\box2d_v3\src\broad_phase.c">
      <Filter>src</Filter>
    </ClCompile>
    <ClCompile Include="..\..\..\external\box2d_v3\src\revolute_joint.c">
      <Filter>src</Filter>
    </ClCompile>
    <ClCompile Include="..\..\..\external\box2d_v3\src\aabb.c">
      <Filter>src</Filter>
    </ClCompile>
    <ClCompile Include="..\..\..\external\box2d_v3\src\geometry.c">
      <Filter>src</Filter>
    </ClCompile>
    <ClCompile Include="..\..\..\external\box2d_v3\src\distance_joint.c">
      <Filter>src</Filter>
    </ClCompile>
    <ClCompile Include="..\..\..\external\box2d_v3\src\hull.c">
      <Filter>src</Filter>
    </ClCompile>
    <ClCompile Include="..\..\..\external\box2d_v3\src\core.c">
      <Filter>src</Filter>
    </ClCompile>
    <ClCompile Include="..\..\..\external\box2d_v3\src\bitset.c">
      <Filter>src</Filter>
    </ClCompile>
    <ClCompile Include="..\..\..\external\box2d_v3\src\id_pool.c">
      <Filter>src</Filter>
    </ClCompile>
    <ClCompile Include="..\..\..\external\box2d_v3\src\math_functions.c">
      <Filter>src</Filter>
    </ClCompile>
    <ClCompile Include="..\..\..\external\box2d_v3\src\wheel_joint.c">
      <Filter>src</Filter>
    </ClCompile>
    <ClCompile Include="..\..\..\external\box2d_v3\src\dynamic_tree.c">
      <Filter>src</Filter>
    </ClCompile>
    <ClCompile Include="..\..\..\external\box2d_v3\src\types.c">
      <Filter>src</Filter>
    </ClCompile>
    <ClCompile Include="..\..\..\external\box2d_v3\src\mouse_joint.c">
      <Filter>src</Filter>
    </ClCompile>
    <ClCompile Include="..\..\..\external\box2d_v3\src\distance.c">
      <Filter>src</Filter>
    </ClCompile>
    <ClCompile Include="..\..\..\external\box2d_v3\src\solver.c">
      <Filter>src</Filter>
    </ClCompile>
    <ClCompile Include="..\..\..\external\box2d_v3\src\body.c">
      <Filter>src</Filter>
    </ClCompile>
    <ClCompile Include="..\..\..\external\box2d_v3\src\mover.c">
      <Filter>src</Filter>
    </ClCompile>
    <ClCompile Include="..\..\..\external\box2d_v3\src\island.c">
      <Filter>src</Filter>
    </ClCompile>
    <ClCompile Include="..\..\..\external\box2d_v3\src\weld_joint.c">
      <Filter>src</Filter>
    </ClCompile>
    <ClCompile Include="..\..\..\external\box2d_v3\src\shape.c">
      <Filter>src</Filter>
    </ClCompile>
    <ClCompile Include="..\..\..\external\box2d_v3\src\joint.c">
      <Filter>src</Filter>
    </ClCompile>
    <ClCompile Include="..\..\..\external\box2d_v3\extern\liquidfun\particle.cpp">
      <Filter>extern\liquidfun</Filter>
    </ClCompile>
    <ClCompile Include="..\..\..\external\box2d_v3\extern\liquidfun\free_list.cpp">
      <Filter>extern\liquidfun</Filter>
    </ClCompile>
    <ClCompile Include="..\..\..\external\box2d_v3\extern\liquidfun\block_allocator.cpp">
      <Filter>extern\liquidfun</Filter>
    </ClCompile>
    <ClCompile Include="..\..\..\external\box2d_v3\extern\liquidfun\liquid_shape.cpp">
      <Filter>extern\liquidfun</Filter>
    </ClCompile>
    <ClCompile Include="..\..\..\external\box2d_v3\extern\liquidfun\particle_assembly.cpp">
      <Filter>extern\liquidfun</Filter>
    </ClCompile>
    <ClCompile Include="..\..\..\external\box2d_v3\extern\liquidfun\liquid_world.cpp">
      <Filter>extern\liquidfun</Filter>
    </ClCompile>
    <ClCompile Include="..\..\..\external\box2d_v3\extern\liquidfun\particle_system.cpp">
      <Filter>extern\liquidfun</Filter>
    </ClCompile>
    <ClCompile Include="..\..\..\external\box2d_v3\extern\liquidfun\liquid_callbacks.cpp">
      <Filter>extern\liquidfun</Filter>
    </ClCompile>
    <ClCompile Include="..\..\..\external\box2d_v3\extern\liquidfun\tracked_block.cpp">
      <Filter>extern\liquidfun</Filter>
    </ClCompile>
    <ClCompile Include="..\..\..\external\box2d_v3\extern\liquidfun\voronoi_diagram.cpp">
      <Filter>extern\liquidfun</Filter>
    </ClCompile>
    <ClCompile Include="..\..\..\external\box2d_v3\extern\liquidfun\liquid_stack_allocator.cpp">
      <Filter>extern\liquidfun</Filter>
    </ClCompile>
    <ClCompile Include="..\..\..\external\box2d_v3\extern\liquidfun\particle_group.cpp">
      <Filter>extern\liquidfun</Filter>
    </ClCompile>
    <ClCompile Include="..\..\..\external\box2d_v3\extern\liquidfun\settings.cpp">
      <Filter>extern\liquidfun</Filter>
    </ClCompile>
    <ClCompile Include="..\..\..\external\enkiTS\src\TaskScheduler_c.cpp">
      <Filter>enkiTS\src</Filter>
    </ClCompile>
    <ClCompile Include="..\..\..\external\enkiTS\src\TaskScheduler.cpp">
      <Filter>enkiTS\src</Filter>
    </ClCompile>
    <ClCompile Include="..\..\..\external\box2d_v3\src\arena_allocator.c">
      <Filter>src</Filter>
    </ClCompile>
    <ClCompile Include="..\..\..\external\box2d_v3\src\sensor.c">
      <Filter>src</Filter>
    </ClCompile>
  </ItemGroup>
</Project>
